github.com/TylerBrock/colorjson v0.0.0-20200706003622-8a50f05110d2 h1:ZBbLwSJqkHBuFDA6DUhhse0IGJ7T5bemHyNILUjvOq4=
github.com/TylerBrock/colorjson v0.0.0-20200706003622-8a50f05110d2/go.mod h1:VSw57q4QFiWDbRnjdX8Cb3Ow0SFncRw+bA/ofY6Q83w=
github.com/a8m/envsubst v1.4.2 h1:4yWIHXOLEJHQEFd4UjrWDrYeYlV7ncFWJOCBRLOZHQg=
github.com/a8m/envsubst v1.4.2/go.mod h1:MVUTQNGQ3tsjOOtKCNd+fl8RzhsXcDvvAEzkhGtlsbY=
github.com/fatih/color v1.16.0 h1:zmkK9Ngbjj+K0yRhTVONQh1p/HknKYSlNT+vZCzyokM=
github.com/fatih/color v1.16.0/go.mod h1:fL2Sau1YI5c0pdGEVCbKQbLXB6edEj1ZgiY4NijnWvE=
github.com/hokaccha/go-prettyjson v0.0.0-20211117102719-0474bc63780f h1:7LYC+Yfkj3CTRcShK0KOL/w6iTiKyqqBA9a41Wnggw8=
github.com/hokaccha/go-prettyjson v0.0.0-20211117102719-0474bc63780f/go.mod h1:pFlLw2CfqZiIBOx6BuCeRLCrfxBJipTY0nIOF/VbGcI=
github.com/joho/godotenv v1.5.1 h1:7eLL/+HRGLY0ldzfGMeQkb7vMd0as4CfYvUVzLqw0N0=
github.com/joho/godotenv v1.5.1/go.mod h1:f4LDr5Voq0i2e/R5DDNOoa2zzDfwtkZa6DnEwAbqwq4=
github.com/mattn/go-colorable v0.1.13 h1:fFA4WZxdEF4tXPZVKMLwD8oUnCTTo08duU7wxecdEvA=
github.com/mattn/go-colorable v0.1.13/go.mod h1:7S9/ev0klgBDR4GtXTXX8a3vIGJpMovkB8vQcUbaXHg=
github.com/mattn/go-isatty v0.0.16/go.mod h1:kYGgaQfpe5nmfYZH+SKPsOc2e4SrIfOl2e/yFXSvRLM=
github.com/mattn/go-isatty v0.0.20 h1:xfD0iDuEKnDkl03q4limB+vH+GxLEtL/jb4xVJSWWEY=
github.com/mattn/go-isatty v0.0.20/go.mod h1:W+V8PltTTMOvKvAeJH7IuucS94S2C6jfK/D7dTCTo3Y=
golang.org/x/sys v0.0.0-20220811171246-fbc7d0a398ab/go.mod h1:oPkhp1MJrh7nUepCBck5+mAzfO9JrbApNNgaTdGDITg=
golang.org/x/sys v0.6.0/go.mod h1:oPkhp1MJrh7nUepCBck5+mAzfO9JrbApNNgaTdGDITg=
golang.org/x/sys v0.14.0 h1:Vz7Qs629MkJkGyHxUlRHizWJRG2j8fbQKjELVSNhy7Q=
golang.org/x/sys v0.14.0/go.mod h1:/VUhepiaJMQUp4+oa/7Zr1D23ma6VTLIYjOOTFZPUcA=
